
Microsoft Visual Studio Solution File, Format Version 12.00
# Visual Studio Version 17
VisualStudioVersion = 17.7.34031.279
MinimumVisualStudioVersion = 10.0.40219.1
Project("{FAE04EC0-301F-11D3-BF4B-00C04F79EFBC}") = "test", "test\test.csproj", "{073A6440-60D2-4C15-AAC8-C0F10FDEB996}"
EndProject
Global
	GlobalSection(SolutionConfigurationPlatforms) = preSolution
		Debug|Any CPU = Debug|Any CPU
		Release|Any CPU = Release|Any CPU
	EndGlobalSection
	GlobalSection(ProjectConfigurationPlatforms) = postSolution
		{073A6440-60D2-4C15-AAC8-C0F10FDEB996}.Debug|Any CPU.ActiveCfg = Debug|Any CPU
		{073A6440-60D2-4C15-AAC8-C0F10FDEB996}.Debug|Any CPU.Build.0 = Debug|Any CPU
		{073A6440-60D2-4C15-AAC8-C0F10FDEB996}.Release|Any CPU.ActiveCfg = Release|Any CPU
		{073A6440-60D2-4C15-AAC8-C0F10FDEB996}.Release|Any CPU.Build.0 = Release|Any CPU
	EndGlobalSection
	GlobalSection(SolutionProperties) = preSolution
		HideSolutionNode = FALSE
	EndGlobalSection
	GlobalSection(ExtensibilityGlobals) = postSolution
		SolutionGuid = {8E976A4E-3CB2-43A3-82F7-8EAB3F1E07AB}
	EndGlobalSection
EndGlobal
